
Microsoft Visual Studio Solution File, Format Version 12.00
# Visual Studio 2013
VisualStudioVersion = 12.0.30723.0
MinimumVisualStudioVersion = 10.0.40219.1
Project("{FAE04EC0-301F-11D3-BF4B-00C04F79EFBC}") = "agave_whiteboard_server", "agave_whiteboard_server\agave_whiteboard_server.csproj", "{D5ABB2F0-7A18-4872-8B7A-51D61EE51301}"
EndProject
Project("{2150E333-8FDC-42A3-9474-1A3956D46DE8}") = "PublishScripts", "PublishScripts", "{BA74BACF-3C9C-43AF-9BFE-3A4B99A28B61}"
	ProjectSection(SolutionItems) = preProject
		PublishScripts\AzureWebsitePublishModule.psm1 = PublishScripts\AzureWebsitePublishModule.psm1
		PublishScripts\Publish-WebApplicationWebsite.ps1 = PublishScripts\Publish-WebApplicationWebsite.ps1
	EndProjectSection
EndProject
Project("{2150E333-8FDC-42A3-9474-1A3956D46DE8}") = "Configurations", "Configurations", "{E0778C2E-1516-4616-A6D7-0B2E91D3FA79}"
	ProjectSection(SolutionItems) = preProject
		PublishScripts\Configurations\agavewhiteboardserver-WAWS-dev.json = PublishScripts\Configurations\agavewhiteboardserver-WAWS-dev.json
	EndProjectSection
EndProject
Global
	GlobalSection(SolutionConfigurationPlatforms) = preSolution
		Debug|Any CPU = Debug|Any CPU
		Release|Any CPU = Release|Any CPU
	EndGlobalSection
	GlobalSection(ProjectConfigurationPlatforms) = postSolution
		{D5ABB2F0-7A18-4872-8B7A-51D61EE51301}.Debug|Any CPU.ActiveCfg = Debug|Any CPU
		{D5ABB2F0-7A18-4872-8B7A-51D61EE51301}.Debug|Any CPU.Build.0 = Debug|Any CPU
		{D5ABB2F0-7A18-4872-8B7A-51D61EE51301}.Release|Any CPU.ActiveCfg = Release|Any CPU
		{D5ABB2F0-7A18-4872-8B7A-51D61EE51301}.Release|Any CPU.Build.0 = Release|Any CPU
	EndGlobalSection
	GlobalSection(SolutionProperties) = preSolution
		HideSolutionNode = FALSE
	EndGlobalSection
	GlobalSection(NestedProjects) = preSolution
		{E0778C2E-1516-4616-A6D7-0B2E91D3FA79} = {BA74BACF-3C9C-43AF-9BFE-3A4B99A28B61}
	EndGlobalSection
EndGlobal
