// !$*UTF8*$!
{
	archiveVersion = 1;
	classes = {
	};
	objectVersion = 46;
	objects = {

/* Begin PBXBuildFile section */
		CFA5087A1A38F58C00B4EE68 /* AppDelegate.swift in Sources */ = {isa = PBXBuildFile; fileRef = CFA508791A38F58C00B4EE68 /* AppDelegate.swift */; };
		CFA5087C1A38F58C00B4EE68 /* ViewController.swift in Sources */ = {isa = PBXBuildFile; fileRef = CFA5087B1A38F58C00B4EE68 /* ViewController.swift */; };
		CFA5087F1A38F58C00B4EE68 /* Main.storyboard in Resources */ = {isa = PBXBuildFile; fileRef = CFA5087D1A38F58C00B4EE68 /* Main.storyboard */; };
		CFA508811A38F58C00B4EE68 /* Images.xcassets in Resources */ = {isa = PBXBuildFile; fileRef = CFA508801A38F58C00B4EE68 /* Images.xcassets */; };
		CFA508841A38F58C00B4EE68 /* LaunchScreen.xib in Resources */ = {isa = PBXBuildFile; fileRef = CFA508821A38F58C00B4EE68 /* LaunchScreen.xib */; };
		CFA508901A38F58D00B4EE68 /* WhiteboardViewerTests.swift in Sources */ = {isa = PBXBuildFile; fileRef = CFA5088F1A38F58D00B4EE68 /* WhiteboardViewerTests.swift */; };
/* End PBXBuildFile section */

/* Begin PBXContainerItemProxy section */
		CFA5088A1A38F58D00B4EE68 /* PBXContainerItemProxy */ = {
			isa = PBXContainerItemProxy;
			containerPortal = CFA5086C1A38F58C00B4EE68 /* Project object */;
			proxyType = 1;
			remoteGlobalIDString = CFA508731A38F58C00B4EE68;
			remoteInfo = WhiteboardViewer;
		};
/* End PBXContainerItemProxy section */

/* Begin PBXFileReference section */
		CFA508741A38F58C00B4EE68 /* WhiteboardViewer.app */ = {isa = PBXFileReference; explicitFileType = wrapper.application; includeInIndex = 0; path = WhiteboardViewer.app; sourceTree = BUILT_PRODUCTS_DIR; };
		CFA508781A38F58C00B4EE68 /* Info.plist */ = {isa = PBXFileReference; lastKnownFileType = text.plist.xml; path = Info.plist; sourceTree = "<group>"; };
		CFA508791A38F58C00B4EE68 /* AppDelegate.swift */ = {isa = PBXFileReference; lastKnownFileType = sourcecode.swift; path = AppDelegate.swift; sourceTree = "<group>"; };
		CFA5087B1A38F58C00B4EE68 /* ViewController.swift */ = {isa = PBXFileReference; lastKnownFileType = sourcecode.swift; path = ViewController.swift; sourceTree = "<group>"; };
		CFA5087E1A38F58C00B4EE68 /* Base */ = {isa = PBXFileReference; lastKnownFileType = file.storyboard; name = Base; path = Base.lproj/Main.storyboard; sourceTree = "<group>"; };
		CFA508801A38F58C00B4EE68 /* Images.xcassets */ = {isa = PBXFileReference; lastKnownFileType = folder.assetcatalog; path = Images.xcassets; sourceTree = "<group>"; };
		CFA508831A38F58C00B4EE68 /* Base */ = {isa = PBXFileReference; lastKnownFileType = file.xib; name = Base; path = Base.lproj/LaunchScreen.xib; sourceTree = "<group>"; };
		CFA508891A38F58D00B4EE68 /* WhiteboardViewerTests.xctest */ = {isa = PBXFileReference; explicitFileType = wrapper.cfbundle; includeInIndex = 0; path = WhiteboardViewerTests.xctest; sourceTree = BUILT_PRODUCTS_DIR; };
		CFA5088E1A38F58D00B4EE68 /* Info.plist */ = {isa = PBXFileReference; lastKnownFileType = text.plist.xml; path = Info.plist; sourceTree = "<group>"; };
		CFA5088F1A38F58D00B4EE68 /* WhiteboardViewerTests.swift */ = {isa = PBXFileReference; lastKnownFileType = sourcecode.swift; path = WhiteboardViewerTests.swift; sourceTree = "<group>"; };
/* End PBXFileReference section */

/* Begin PBXFrameworksBuildPhase section */
		CFA508711A38F58C00B4EE68 /* Frameworks */ = {
			isa = PBXFrameworksBuildPhase;
			buildActionMask = 2147483647;
			files = (
			);
			runOnlyForDeploymentPostprocessing = 0;
		};
		CFA508861A38F58D00B4EE68 /* Frameworks */ = {
			isa = PBXFrameworksBuildPhase;
			buildActionMask = 2147483647;
			files = (
			);
			runOnlyForDeploymentPostprocessing = 0;
		};
/* End PBXFrameworksBuildPhase section */

/* Begin PBXGroup section */
		CFA5086B1A38F58C00B4EE68 = {
			isa = PBXGroup;
			children = (
				CFA508761A38F58C00B4EE68 /* WhiteboardViewer */,
				CFA5088C1A38F58D00B4EE68 /* WhiteboardViewerTests */,
				CFA508751A38F58C00B4EE68 /* Products */,
			);
			sourceTree = "<group>";
		};
		CFA508751A38F58C00B4EE68 /* Products */ = {
			isa = PBXGroup;
			children = (
				CFA508741A38F58C00B4EE68 /* WhiteboardViewer.app */,
				CFA508891A38F58D00B4EE68 /* WhiteboardViewerTests.xctest */,
			);
			name = Products;
			sourceTree = "<group>";
		};
		CFA508761A38F58C00B4EE68 /* WhiteboardViewer */ = {
			isa = PBXGroup;
			children = (
				CFA508791A38F58C00B4EE68 /* AppDelegate.swift */,
				CFA5087B1A38F58C00B4EE68 /* ViewController.swift */,
				CFA5087D1A38F58C00B4EE68 /* Main.storyboard */,
				CFA508801A38F58C00B4EE68 /* Images.xcassets */,
				CFA508821A38F58C00B4EE68 /* LaunchScreen.xib */,
				CFA508771A38F58C00B4EE68 /* Supporting Files */,
			);
			path = WhiteboardViewer;
			sourceTree = "<group>";
		};
		CFA508771A38F58C00B4EE68 /* Supporting Files */ = {
			isa = PBXGroup;
			children = (
				CFA508781A38F58C00B4EE68 /* Info.plist */,
			);
			name = "Supporting Files";
			sourceTree = "<group>";
		};
		CFA5088C1A38F58D00B4EE68 /* WhiteboardViewerTests */ = {
			isa = PBXGroup;
			children = (
				CFA5088F1A38F58D00B4EE68 /* WhiteboardViewerTests.swift */,
				CFA5088D1A38F58D00B4EE68 /* Supporting Files */,
			);
			path = WhiteboardViewerTests;
			sourceTree = "<group>";
		};
		CFA5088D1A38F58D00B4EE68 /* Supporting Files */ = {
			isa = PBXGroup;
			children = (
				CFA5088E1A38F58D00B4EE68 /* Info.plist */,
			);
			name = "Supporting Files";
			sourceTree = "<group>";
		};
/* End PBXGroup section */

/* Begin PBXNativeTarget section */
		CFA508731A38F58C00B4EE68 /* WhiteboardViewer */ = {
			isa = PBXNativeTarget;
			buildConfigurationList = CFA508931A38F58D00B4EE68 /* Build configuration list for PBXNativeTarget "WhiteboardViewer" */;
			buildPhases = (
				CFA508701A38F58C00B4EE68 /* Sources */,
				CFA508711A38F58C00B4EE68 /* Frameworks */,
				CFA508721A38F58C00B4EE68 /* Resources */,
			);
			buildRules = (
			);
			dependencies = (
			);
			name = WhiteboardViewer;
			productName = WhiteboardViewer;
			productReference = CFA508741A38F58C00B4EE68 /* WhiteboardViewer.app */;
			productType = "com.apple.product-type.application";
		};
		CFA508881A38F58D00B4EE68 /* WhiteboardViewerTests */ = {
			isa = PBXNativeTarget;
			buildConfigurationList = CFA508961A38F58D00B4EE68 /* Build configuration list for PBXNativeTarget "WhiteboardViewerTests" */;
			buildPhases = (
				CFA508851A38F58D00B4EE68 /* Sources */,
				CFA508861A38F58D00B4EE68 /* Frameworks */,
				CFA508871A38F58D00B4EE68 /* Resources */,
			);
			buildRules = (
			);
			dependencies = (
				CFA5088B1A38F58D00B4EE68 /* PBXTargetDependency */,
			);
			name = WhiteboardViewerTests;
			productName = WhiteboardViewerTests;
			productReference = CFA508891A38F58D00B4EE68 /* WhiteboardViewerTests.xctest */;
			productType = "com.apple.product-type.bundle.unit-test";
		};
/* End PBXNativeTarget section */

/* Begin PBXProject section */
		CFA5086C1A38F58C00B4EE68 /* Project object */ = {
			isa = PBXProject;
			attributes = {
				LastUpgradeCheck = 0610;
				ORGANIZATIONNAME = Microsoft;
				TargetAttributes = {
					CFA508731A38F58C00B4EE68 = {
						CreatedOnToolsVersion = 6.1.1;
					};
					CFA508881A38F58D00B4EE68 = {
						CreatedOnToolsVersion = 6.1.1;
						TestTargetID = CFA508731A38F58C00B4EE68;
					};
				};
			};
			buildConfigurationList = CFA5086F1A38F58C00B4EE68 /* Build configuration list for PBXProject "WhiteboardViewer" */;
			compatibilityVersion = "Xcode 3.2";
			developmentRegion = English;
			hasScannedForEncodings = 0;
			knownRegions = (
				en,
				Base,
			);
			mainGroup = CFA5086B1A38F58C00B4EE68;
			productRefGroup = CFA508751A38F58C00B4EE68 /* Products */;
			projectDirPath = "";
			projectRoot = "";
			targets = (
				CFA508731A38F58C00B4EE68 /* WhiteboardViewer */,
				CFA508881A38F58D00B4EE68 /* WhiteboardViewerTests */,
			);
		};
/* End PBXProject section */

/* Begin PBXResourcesBuildPhase section */
		CFA508721A38F58C00B4EE68 /* Resources */ = {
			isa = PBXResourcesBuildPhase;
			buildActionMask = 2147483647;
			files = (
				CFA5087F1A38F58C00B4EE68 /* Main.storyboard in Resources */,
				CFA508841A38F58C00B4EE68 /* LaunchScreen.xib in Resources */,
				CFA508811A38F58C00B4EE68 /* Images.xcassets in Resources */,
			);
			runOnlyForDeploymentPostprocessing = 0;
		};
		CFA508871A38F58D00B4EE68 /* Resources */ = {
			isa = PBXResourcesBuildPhase;
			buildActionMask = 2147483647;
			files = (
			);
			runOnlyForDeploymentPostprocessing = 0;
		};
/* End PBXResourcesBuildPhase section */

/* Begin PBXSourcesBuildPhase section */
		CFA508701A38F58C00B4EE68 /* Sources */ = {
			isa = PBXSourcesBuildPhase;
			buildActionMask = 2147483647;
			files = (
				CFA5087C1A38F58C00B4EE68 /* ViewController.swift in Sources */,
				CFA5087A1A38F58C00B4EE68 /* AppDelegate.swift in Sources */,
			);
			runOnlyForDeploymentPostprocessing = 0;
		};
		CFA508851A38F58D00B4EE68 /* Sources */ = {
			isa = PBXSourcesBuildPhase;
			buildActionMask = 2147483647;
			files = (
				CFA508901A38F58D00B4EE68 /* WhiteboardViewerTests.swift in Sources */,
			);
			runOnlyForDeploymentPostprocessing = 0;
		};
/* End PBXSourcesBuildPhase section */

/* Begin PBXTargetDependency section */
		CFA5088B1A38F58D00B4EE68 /* PBXTargetDependency */ = {
			isa = PBXTargetDependency;
			target = CFA508731A38F58C00B4EE68 /* WhiteboardViewer */;
			targetProxy = CFA5088A1A38F58D00B4EE68 /* PBXContainerItemProxy */;
		};
/* End PBXTargetDependency section */

/* Begin PBXVariantGroup section */
		CFA5087D1A38F58C00B4EE68 /* Main.storyboard */ = {
			isa = PBXVariantGroup;
			children = (
				CFA5087E1A38F58C00B4EE68 /* Base */,
			);
			name = Main.storyboard;
			sourceTree = "<group>";
		};
		CFA508821A38F58C00B4EE68 /* LaunchScreen.xib */ = {
			isa = PBXVariantGroup;
			children = (
				CFA508831A38F58C00B4EE68 /* Base */,
			);
			name = LaunchScreen.xib;
			sourceTree = "<group>";
		};
/* End PBXVariantGroup section */

/* Begin XCBuildConfiguration section */
		CFA508911A38F58D00B4EE68 /* Debug */ = {
			isa = XCBuildConfiguration;
			buildSettings = {
				ALWAYS_SEARCH_USER_PATHS = NO;
				CLANG_CXX_LANGUAGE_STANDARD = "gnu++0x";
				CLANG_CXX_LIBRARY = "libc++";
				CLANG_ENABLE_MODULES = YES;
				CLANG_ENABLE_OBJC_ARC = YES;
				CLANG_WARN_BOOL_CONVERSION = YES;
				CLANG_WARN_CONSTANT_CONVERSION = YES;
				CLANG_WARN_DIRECT_OBJC_ISA_USAGE = YES_ERROR;
				CLANG_WARN_EMPTY_BODY = YES;
				CLANG_WARN_ENUM_CONVERSION = YES;
				CLANG_WARN_INT_CONVERSION = YES;
				CLANG_WARN_OBJC_ROOT_CLASS = YES_ERROR;
				CLANG_WARN_UNREACHABLE_CODE = YES;
				CLANG_WARN__DUPLICATE_METHOD_MATCH = YES;
				"CODE_SIGN_IDENTITY[sdk=iphoneos*]" = "iPhone Developer";
				COPY_PHASE_STRIP = NO;
				ENABLE_STRICT_OBJC_MSGSEND = YES;
				GCC_C_LANGUAGE_STANDARD = gnu99;
				GCC_DYNAMIC_NO_PIC = NO;
				GCC_OPTIMIZATION_LEVEL = 0;
				GCC_PREPROCESSOR_DEFINITIONS = (
					"DEBUG=1",
					"$(inherited)",
				);
				GCC_SYMBOLS_PRIVATE_EXTERN = NO;
				GCC_WARN_64_TO_32_BIT_CONVERSION = YES;
				GCC_WARN_ABOUT_RETURN_TYPE = YES_ERROR;
				GCC_WARN_UNDECLARED_SELECTOR = YES;
				GCC_WARN_UNINITIALIZED_AUTOS = YES_AGGRESSIVE;
				GCC_WARN_UNUSED_FUNCTION = YES;
				GCC_WARN_UNUSED_VARIABLE = YES;
				IPHONEOS_DEPLOYMENT_TARGET = 8.1;
				MTL_ENABLE_DEBUG_INFO = YES;
				ONLY_ACTIVE_ARCH = YES;
				SDKROOT = iphoneos;
				SWIFT_OPTIMIZATION_LEVEL = "-Onone";
			};
			name = Debug;
		};
		CFA508921A38F58D00B4EE68 /* Release */ = {
			isa = XCBuildConfiguration;
			buildSettings = {
				ALWAYS_SEARCH_USER_PATHS = NO;
				CLANG_CXX_LANGUAGE_STANDARD = "gnu++0x";
				CLANG_CXX_LIBRARY = "libc++";
				CLANG_ENABLE_MODULES = YES;
				CLANG_ENABLE_OBJC_ARC = YES;
				CLANG_WARN_BOOL_CONVERSION = YES;
				CLANG_WARN_CONSTANT_CONVERSION = YES;
				CLANG_WARN_DIRECT_OBJC_ISA_USAGE = YES_ERROR;
				CLANG_WARN_EMPTY_BODY = YES;
				CLANG_WARN_ENUM_CONVERSION = YES;
				CLANG_WARN_INT_CONVERSION = YES;
				CLANG_WARN_OBJC_ROOT_CLASS = YES_ERROR;
				CLANG_WARN_UNREACHABLE_CODE = YES;
				CLANG_WARN__DUPLICATE_METHOD_MATCH = YES;
				"CODE_SIGN_IDENTITY[sdk=iphoneos*]" = "iPhone Developer";
				COPY_PHASE_STRIP = YES;
				ENABLE_NS_ASSERTIONS = NO;
				ENABLE_STRICT_OBJC_MSGSEND = YES;
				GCC_C_LANGUAGE_STANDARD = gnu99;
				GCC_WARN_64_TO_32_BIT_CONVERSION = YES;
				GCC_WARN_ABOUT_RETURN_TYPE = YES_ERROR;
				GCC_WARN_UNDECLARED_SELECTOR = YES;
				GCC_WARN_UNINITIALIZED_AUTOS = YES_AGGRESSIVE;
				GCC_WARN_UNUSED_FUNCTION = YES;
				GCC_WARN_UNUSED_VARIABLE = YES;
				IPHONEOS_DEPLOYMENT_TARGET = 8.1;
				MTL_ENABLE_DEBUG_INFO = NO;
				SDKROOT = iphoneos;
				VALIDATE_PRODUCT = YES;
			};
			name = Release;
		};
		CFA508941A38F58D00B4EE68 /* Debug */ = {
			isa = XCBuildConfiguration;
			buildSettings = {
				ASSETCATALOG_COMPILER_APPICON_NAME = AppIcon;
				INFOPLIST_FILE = WhiteboardViewer/Info.plist;
				LD_RUNPATH_SEARCH_PATHS = "$(inherited) @executable_path/Frameworks";
				PRODUCT_NAME = "$(TARGET_NAME)";
			};
			name = Debug;
		};
		CFA508951A38F58D00B4EE68 /* Release */ = {
			isa = XCBuildConfiguration;
			buildSettings = {
				ASSETCATALOG_COMPILER_APPICON_NAME = AppIcon;
				INFOPLIST_FILE = WhiteboardViewer/Info.plist;
				LD_RUNPATH_SEARCH_PATHS = "$(inherited) @executable_path/Frameworks";
				PRODUCT_NAME = "$(TARGET_NAME)";
			};
			name = Release;
		};
		CFA508971A38F58D00B4EE68 /* Debug */ = {
			isa = XCBuildConfiguration;
			buildSettings = {
				BUNDLE_LOADER = "$(TEST_HOST)";
				FRAMEWORK_SEARCH_PATHS = (
					"$(SDKROOT)/Developer/Library/Frameworks",
					"$(inherited)",
				);
				GCC_PREPROCESSOR_DEFINITIONS = (
					"DEBUG=1",
					"$(inherited)",
				);
				INFOPLIST_FILE = WhiteboardViewerTests/Info.plist;
				LD_RUNPATH_SEARCH_PATHS = "$(inherited) @executable_path/Frameworks @loader_path/Frameworks";
				PRODUCT_NAME = "$(TARGET_NAME)";
				TEST_HOST = "$(BUILT_PRODUCTS_DIR)/WhiteboardViewer.app/WhiteboardViewer";
			};
			name = Debug;
		};
		CFA508981A38F58D00B4EE68 /* Release */ = {
			isa = XCBuildConfiguration;
			buildSettings = {
				BUNDLE_LOADER = "$(TEST_HOST)";
				FRAMEWORK_SEARCH_PATHS = (
					"$(SDKROOT)/Developer/Library/Frameworks",
					"$(inherited)",
				);
				INFOPLIST_FILE = WhiteboardViewerTests/Info.plist;
				LD_RUNPATH_SEARCH_PATHS = "$(inherited) @executable_path/Frameworks @loader_path/Frameworks";
				PRODUCT_NAME = "$(TARGET_NAME)";
				TEST_HOST = "$(BUILT_PRODUCTS_DIR)/WhiteboardViewer.app/WhiteboardViewer";
			};
			name = Release;
		};
/* End XCBuildConfiguration section */

/* Begin XCConfigurationList section */
		CFA5086F1A38F58C00B4EE68 /* Build configuration list for PBXProject "WhiteboardViewer" */ = {
			isa = XCConfigurationList;
			buildConfigurations = (
				CFA508911A38F58D00B4EE68 /* Debug */,
				CFA508921A38F58D00B4EE68 /* Release */,
			);
			defaultConfigurationIsVisible = 0;
			defaultConfigurationName = Release;
		};
		CFA508931A38F58D00B4EE68 /* Build configuration list for PBXNativeTarget "WhiteboardViewer" */ = {
			isa = XCConfigurationList;
			buildConfigurations = (
				CFA508941A38F58D00B4EE68 /* Debug */,
				CFA508951A38F58D00B4EE68 /* Release */,
			);
			defaultConfigurationIsVisible = 0;
		};
		CFA508961A38F58D00B4EE68 /* Build configuration list for PBXNativeTarget "WhiteboardViewerTests" */ = {
			isa = XCConfigurationList;
			buildConfigurations = (
				CFA508971A38F58D00B4EE68 /* Debug */,
				CFA508981A38F58D00B4EE68 /* Release */,
			);
			defaultConfigurationIsVisible = 0;
		};
/* End XCConfigurationList section */
	};
	rootObject = CFA5086C1A38F58C00B4EE68 /* Project object */;
}
